
Microsoft Visual Studio Solution File, Format Version 12.00
# Visual Studio Version 17
VisualStudioVersion = 17.9.34902.65
MinimumVisualStudioVersion = 10.0.40219.1
Project("{FAE04EC0-301F-11D3-BF4B-00C04F79EFBC}") = "Bai1", "Bai1\Bai1.csproj", "{64EFFA8A-55CF-4AEA-BA1F-436AE2A1718E}"
EndProject
Global
	GlobalSection(SolutionConfigurationPlatforms) = preSolution
		Debug|Any CPU = Debug|Any CPU
		Release|Any CPU = Release|Any CPU
	EndGlobalSection
	GlobalSection(ProjectConfigurationPlatforms) = postSolution
		{64EFFA8A-55CF-4AEA-BA1F-436AE2A1718E}.Debug|Any CPU.ActiveCfg = Debug|Any CPU
		{64EFFA8A-55CF-4AEA-BA1F-436AE2A1718E}.Debug|Any CPU.Build.0 = Debug|Any CPU
		{64EFFA8A-55CF-4AEA-BA1F-436AE2A1718E}.Release|Any CPU.ActiveCfg = Release|Any CPU
		{64EFFA8A-55CF-4AEA-BA1F-436AE2A1718E}.Release|Any CPU.Build.0 = Release|Any CPU
	EndGlobalSection
	GlobalSection(SolutionProperties) = preSolution
		HideSolutionNode = FALSE
	EndGlobalSection
	GlobalSection(ExtensibilityGlobals) = postSolution
		SolutionGuid = {44912886-4B77-44F9-8AEB-964186871E94}
	EndGlobalSection
EndGlobal
